
Microsoft Visual Studio Solution File, Format Version 12.00
# Visual Studio Version 17
VisualStudioVersion = 17.2.32630.192
MinimumVisualStudioVersion = 10.0.40219.1
Project("{FAE04EC0-301F-11D3-BF4B-00C04F79EFBC}") = "AcessoRCG.UWP", "AcessoRCG\AcessoRCG.UWP\AcessoRCG.UWP.csproj", "{6CEBBC5B-DD8A-497C-AE9F-09754CBC0C0F}"
EndProject
Project("{FAE04EC0-301F-11D3-BF4B-00C04F79EFBC}") = "AcessoRCG.Android", "AcessoRCG\AcessoRCG.Android\AcessoRCG.Android.csproj", "{2B4C009C-EEB1-422F-BD6F-8D2CD992CF3C}"
EndProject
Project("{FAE04EC0-301F-11D3-BF4B-00C04F79EFBC}") = "AcessoRCG.iOS", "AcessoRCG\AcessoRCG.iOS\AcessoRCG.iOS.csproj", "{56D61D67-4FB5-47F8-87CE-4406BD27F3CC}"
EndProject
Project("{FAE04EC0-301F-11D3-BF4B-00C04F79EFBC}") = "AcessoRCG", "AcessoRCG\AcessoRCG\AcessoRCG.csproj", "{9FD1969D-7314-4667-8117-66AD087B69B2}"
EndProject
Global
	GlobalSection(SolutionConfigurationPlatforms) = preSolution
		Debug|Any CPU = Debug|Any CPU
		Debug|ARM = Debug|ARM
		Debug|iPhone = Debug|iPhone
		Debug|iPhoneSimulator = Debug|iPhoneSimulator
		Debug|x64 = Debug|x64
		Debug|x86 = Debug|x86
		Release|Any CPU = Release|Any CPU
		Release|ARM = Release|ARM
		Release|iPhone = Release|iPhone
		Release|iPhoneSimulator = Release|iPhoneSimulator
		Release|x64 = Release|x64
		Release|x86 = Release|x86
	EndGlobalSection
	GlobalSection(ProjectConfigurationPlatforms) = postSolution
		{6CEBBC5B-DD8A-497C-AE9F-09754CBC0C0F}.Debug|Any CPU.ActiveCfg = Debug|x64
		{6CEBBC5B-DD8A-497C-AE9F-09754CBC0C0F}.Debug|Any CPU.Build.0 = Debug|x64
		{6CEBBC5B-DD8A-497C-AE9F-09754CBC0C0F}.Debug|Any CPU.Deploy.0 = Debug|x64
		{6CEBBC5B-DD8A-497C-AE9F-09754CBC0C0F}.Debug|ARM.ActiveCfg = Debug|ARM
		{6CEBBC5B-DD8A-497C-AE9F-09754CBC0C0F}.Debug|ARM.Build.0 = Debug|ARM
		{6CEBBC5B-DD8A-497C-AE9F-09754CBC0C0F}.Debug|ARM.Deploy.0 = Debug|ARM
		{6CEBBC5B-DD8A-497C-AE9F-09754CBC0C0F}.Debug|iPhone.ActiveCfg = Debug|x64
		{6CEBBC5B-DD8A-497C-AE9F-09754CBC0C0F}.Debug|iPhone.Build.0 = Debug|x64
		{6CEBBC5B-DD8A-497C-AE9F-09754CBC0C0F}.Debug|iPhone.Deploy.0 = Debug|x64
		{6CEBBC5B-DD8A-497C-AE9F-09754CBC0C0F}.Debug|iPhoneSimulator.ActiveCfg = Debug|x64
		{6CEBBC5B-DD8A-497C-AE9F-09754CBC0C0F}.Debug|iPhoneSimulator.Build.0 = Debug|x64
		{6CEBBC5B-DD8A-497C-AE9F-09754CBC0C0F}.Debug|iPhoneSimulator.Deploy.0 = Debug|x64
		{6CEBBC5B-DD8A-497C-AE9F-09754CBC0C0F}.Debug|x64.ActiveCfg = Debug|x64
		{6CEBBC5B-DD8A-497C-AE9F-09754CBC0C0F}.Debug|x64.Build.0 = Debug|x64
		{6CEBBC5B-DD8A-497C-AE9F-09754CBC0C0F}.Debug|x64.Deploy.0 = Debug|x64
		{6CEBBC5B-DD8A-497C-AE9F-09754CBC0C0F}.Debug|x86.ActiveCfg = Debug|x86
		{6CEBBC5B-DD8A-497C-AE9F-09754CBC0C0F}.Debug|x86.Build.0 = Debug|x86
		{6CEBBC5B-DD8A-497C-AE9F-09754CBC0C0F}.Debug|x86.Deploy.0 = Debug|x86
		{6CEBBC5B-DD8A-497C-AE9F-09754CBC0C0F}.Release|Any CPU.ActiveCfg = Release|x64
		{6CEBBC5B-DD8A-497C-AE9F-09754CBC0C0F}.Release|Any CPU.Build.0 = Release|x64
		{6CEBBC5B-DD8A-497C-AE9F-09754CBC0C0F}.Release|Any CPU.Deploy.0 = Release|x64
		{6CEBBC5B-DD8A-497C-AE9F-09754CBC0C0F}.Release|ARM.ActiveCfg = Release|ARM
		{6CEBBC5B-DD8A-497C-AE9F-09754CBC0C0F}.Release|ARM.Build.0 = Release|ARM
		{6CEBBC5B-DD8A-497C-AE9F-09754CBC0C0F}.Release|ARM.Deploy.0 = Release|ARM
		{6CEBBC5B-DD8A-497C-AE9F-09754CBC0C0F}.Release|iPhone.ActiveCfg = Release|x64
		{6CEBBC5B-DD8A-497C-AE9F-09754CBC0C0F}.Release|iPhone.Build.0 = Release|x64
		{6CEBBC5B-DD8A-497C-AE9F-09754CBC0C0F}.Release|iPhone.Deploy.0 = Release|x64
		{6CEBBC5B-DD8A-497C-AE9F-09754CBC0C0F}.Release|iPhoneSimulator.ActiveCfg = Release|x64
		{6CEBBC5B-DD8A-497C-AE9F-09754CBC0C0F}.Release|iPhoneSimulator.Build.0 = Release|x64
		{6CEBBC5B-DD8A-497C-AE9F-09754CBC0C0F}.Release|iPhoneSimulator.Deploy.0 = Release|x64
		{6CEBBC5B-DD8A-497C-AE9F-09754CBC0C0F}.Release|x64.ActiveCfg = Release|x64
		{6CEBBC5B-DD8A-497C-AE9F-09754CBC0C0F}.Release|x64.Build.0 = Release|x64
		{6CEBBC5B-DD8A-497C-AE9F-09754CBC0C0F}.Release|x64.Deploy.0 = Release|x64
		{6CEBBC5B-DD8A-497C-AE9F-09754CBC0C0F}.Release|x86.ActiveCfg = Release|x86
		{6CEBBC5B-DD8A-497C-AE9F-09754CBC0C0F}.Release|x86.Build.0 = Release|x86
		{6CEBBC5B-DD8A-497C-AE9F-09754CBC0C0F}.Release|x86.Deploy.0 = Release|x86
		{2B4C009C-EEB1-422F-BD6F-8D2CD992CF3C}.Debug|Any CPU.ActiveCfg = Debug|Any CPU
		{2B4C009C-EEB1-422F-BD6F-8D2CD992CF3C}.Debug|Any CPU.Build.0 = Debug|Any CPU
		{2B4C009C-EEB1-422F-BD6F-8D2CD992CF3C}.Debug|Any CPU.Deploy.0 = Debug|Any CPU
		{2B4C009C-EEB1-422F-BD6F-8D2CD992CF3C}.Debug|ARM.ActiveCfg = Debug|Any CPU
		{2B4C009C-EEB1-422F-BD6F-8D2CD992CF3C}.Debug|ARM.Build.0 = Debug|Any CPU
		{2B4C009C-EEB1-422F-BD6F-8D2CD992CF3C}.Debug|ARM.Deploy.0 = Debug|Any CPU
		{2B4C009C-EEB1-422F-BD6F-8D2CD992CF3C}.Debug|iPhone.ActiveCfg = Debug|Any CPU
		{2B4C009C-EEB1-422F-BD6F-8D2CD992CF3C}.Debug|iPhone.Build.0 = Debug|Any CPU
		{2B4C009C-EEB1-422F-BD6F-8D2CD992CF3C}.Debug|iPhone.Deploy.0 = Debug|Any CPU
		{2B4C009C-EEB1-422F-BD6F-8D2CD992CF3C}.Debug|iPhoneSimulator.ActiveCfg = Debug|Any CPU
		{2B4C009C-EEB1-422F-BD6F-8D2CD992CF3C}.Debug|iPhoneSimulator.Build.0 = Debug|Any CPU
		{2B4C009C-EEB1-422F-BD6F-8D2CD992CF3C}.Debug|iPhoneSimulator.Deploy.0 = Debug|Any CPU
		{2B4C009C-EEB1-422F-BD6F-8D2CD992CF3C}.Debug|x64.ActiveCfg = Debug|Any CPU
		{2B4C009C-EEB1-422F-BD6F-8D2CD992CF3C}.Debug|x64.Build.0 = Debug|Any CPU
		{2B4C009C-EEB1-422F-BD6F-8D2CD992CF3C}.Debug|x64.Deploy.0 = Debug|Any CPU
		{2B4C009C-EEB1-422F-BD6F-8D2CD992CF3C}.Debug|x86.ActiveCfg = Debug|Any CPU
		{2B4C009C-EEB1-422F-BD6F-8D2CD992CF3C}.Debug|x86.Build.0 = Debug|Any CPU
		{2B4C009C-EEB1-422F-BD6F-8D2CD992CF3C}.Debug|x86.Deploy.0 = Debug|Any CPU
		{2B4C009C-EEB1-422F-BD6F-8D2CD992CF3C}.Release|Any CPU.ActiveCfg = Release|Any CPU
		{2B4C009C-EEB1-422F-BD6F-8D2CD992CF3C}.Release|Any CPU.Build.0 = Release|Any CPU
		{2B4C009C-EEB1-422F-BD6F-8D2CD992CF3C}.Release|Any CPU.Deploy.0 = Release|Any CPU
		{2B4C009C-EEB1-422F-BD6F-8D2CD992CF3C}.Release|ARM.ActiveCfg = Release|Any CPU
		{2B4C009C-EEB1-422F-BD6F-8D2CD992CF3C}.Release|ARM.Build.0 = Release|Any CPU
		{2B4C009C-EEB1-422F-BD6F-8D2CD992CF3C}.Release|ARM.Deploy.0 = Release|Any CPU
		{2B4C009C-EEB1-422F-BD6F-8D2CD992CF3C}.Release|iPhone.ActiveCfg = Release|Any CPU
		{2B4C009C-EEB1-422F-BD6F-8D2CD992CF3C}.Release|iPhone.Build.0 = Release|Any CPU
		{2B4C009C-EEB1-422F-BD6F-8D2CD992CF3C}.Release|iPhone.Deploy.0 = Release|Any CPU
		{2B4C009C-EEB1-422F-BD6F-8D2CD992CF3C}.Release|iPhoneSimulator.ActiveCfg = Release|Any CPU
		{2B4C009C-EEB1-422F-BD6F-8D2CD992CF3C}.Release|iPhoneSimulator.Build.0 = Release|Any CPU
		{2B4C009C-EEB1-422F-BD6F-8D2CD992CF3C}.Release|iPhoneSimulator.Deploy.0 = Release|Any CPU
		{2B4C009C-EEB1-422F-BD6F-8D2CD992CF3C}.Release|x64.ActiveCfg = Release|Any CPU
		{2B4C009C-EEB1-422F-BD6F-8D2CD992CF3C}.Release|x64.Build.0 = Release|Any CPU
		{2B4C009C-EEB1-422F-BD6F-8D2CD992CF3C}.Release|x64.Deploy.0 = Release|Any CPU
		{2B4C009C-EEB1-422F-BD6F-8D2CD992CF3C}.Release|x86.ActiveCfg = Release|Any CPU
		{2B4C009C-EEB1-422F-BD6F-8D2CD992CF3C}.Release|x86.Build.0 = Release|Any CPU
		{2B4C009C-EEB1-422F-BD6F-8D2CD992CF3C}.Release|x86.Deploy.0 = Release|Any CPU
		{56D61D67-4FB5-47F8-87CE-4406BD27F3CC}.Debug|Any CPU.ActiveCfg = Debug|iPhoneSimulator
		{56D61D67-4FB5-47F8-87CE-4406BD27F3CC}.Debug|Any CPU.Build.0 = Debug|iPhoneSimulator
		{56D61D67-4FB5-47F8-87CE-4406BD27F3CC}.Debug|Any CPU.Deploy.0 = Debug|iPhoneSimulator
		{56D61D67-4FB5-47F8-87CE-4406BD27F3CC}.Debug|ARM.ActiveCfg = Debug|iPhoneSimulator
		{56D61D67-4FB5-47F8-87CE-4406BD27F3CC}.Debug|ARM.Build.0 = Debug|iPhoneSimulator
		{56D61D67-4FB5-47F8-87CE-4406BD27F3CC}.Debug|ARM.Deploy.0 = Debug|iPhoneSimulator
		{56D61D67-4FB5-47F8-87CE-4406BD27F3CC}.Debug|iPhone.ActiveCfg = Debug|iPhone
		{56D61D67-4FB5-47F8-87CE-4406BD27F3CC}.Debug|iPhone.Build.0 = Debug|iPhone
		{56D61D67-4FB5-47F8-87CE-4406BD27F3CC}.Debug|iPhone.Deploy.0 = Debug|iPhone
		{56D61D67-4FB5-47F8-87CE-4406BD27F3CC}.Debug|iPhoneSimulator.ActiveCfg = Debug|iPhoneSimulator
		{56D61D67-4FB5-47F8-87CE-4406BD27F3CC}.Debug|iPhoneSimulator.Build.0 = Debug|iPhoneSimulator
		{56D61D67-4FB5-47F8-87CE-4406BD27F3CC}.Debug|iPhoneSimulator.Deploy.0 = Debug|iPhoneSimulator
		{56D61D67-4FB5-47F8-87CE-4406BD27F3CC}.Debug|x64.ActiveCfg = Debug|iPhone
		{56D61D67-4FB5-47F8-87CE-4406BD27F3CC}.Debug|x64.Build.0 = Debug|iPhone
		{56D61D67-4FB5-47F8-87CE-4406BD27F3CC}.Debug|x64.Deploy.0 = Debug|iPhone
		{56D61D67-4FB5-47F8-87CE-4406BD27F3CC}.Debug|x86.ActiveCfg = Debug|iPhoneSimulator
		{56D61D67-4FB5-47F8-87CE-4406BD27F3CC}.Debug|x86.Build.0 = Debug|iPhoneSimulator
		{56D61D67-4FB5-47F8-87CE-4406BD27F3CC}.Debug|x86.Deploy.0 = Debug|iPhoneSimulator
		{56D61D67-4FB5-47F8-87CE-4406BD27F3CC}.Release|Any CPU.ActiveCfg = Release|iPhoneSimulator
		{56D61D67-4FB5-47F8-87CE-4406BD27F3CC}.Release|Any CPU.Build.0 = Release|iPhoneSimulator
		{56D61D67-4FB5-47F8-87CE-4406BD27F3CC}.Release|Any CPU.Deploy.0 = Release|iPhoneSimulator
		{56D61D67-4FB5-47F8-87CE-4406BD27F3CC}.Release|ARM.ActiveCfg = Release|iPhoneSimulator
		{56D61D67-4FB5-47F8-87CE-4406BD27F3CC}.Release|ARM.Build.0 = Release|iPhoneSimulator
		{56D61D67-4FB5-47F8-87CE-4406BD27F3CC}.Release|ARM.Deploy.0 = Release|iPhoneSimulator
		{56D61D67-4FB5-47F8-87CE-4406BD27F3CC}.Release|iPhone.ActiveCfg = Release|iPhone
		{56D61D67-4FB5-47F8-87CE-4406BD27F3CC}.Release|iPhone.Build.0 = Release|iPhone
		{56D61D67-4FB5-47F8-87CE-4406BD27F3CC}.Release|iPhone.Deploy.0 = Release|iPhone
		{56D61D67-4FB5-47F8-87CE-4406BD27F3CC}.Release|iPhoneSimulator.ActiveCfg = Release|iPhoneSimulator
		{56D61D67-4FB5-47F8-87CE-4406BD27F3CC}.Release|iPhoneSimulator.Build.0 = Release|iPhoneSimulator
		{56D61D67-4FB5-47F8-87CE-4406BD27F3CC}.Release|iPhoneSimulator.Deploy.0 = Release|iPhoneSimulator
		{56D61D67-4FB5-47F8-87CE-4406BD27F3CC}.Release|x64.ActiveCfg = Release|iPhoneSimulator
		{56D61D67-4FB5-47F8-87CE-4406BD27F3CC}.Release|x64.Build.0 = Release|iPhoneSimulator
		{56D61D67-4FB5-47F8-87CE-4406BD27F3CC}.Release|x64.Deploy.0 = Release|iPhoneSimulator
		{56D61D67-4FB5-47F8-87CE-4406BD27F3CC}.Release|x86.ActiveCfg = Release|iPhoneSimulator
		{56D61D67-4FB5-47F8-87CE-4406BD27F3CC}.Release|x86.Build.0 = Release|iPhoneSimulator
		{56D61D67-4FB5-47F8-87CE-4406BD27F3CC}.Release|x86.Deploy.0 = Release|iPhoneSimulator
		{9FD1969D-7314-4667-8117-66AD087B69B2}.Debug|Any CPU.ActiveCfg = Debug|Any CPU
		{9FD1969D-7314-4667-8117-66AD087B69B2}.Debug|Any CPU.Build.0 = Debug|Any CPU
		{9FD1969D-7314-4667-8117-66AD087B69B2}.Debug|Any CPU.Deploy.0 = Debug|Any CPU
		{9FD1969D-7314-4667-8117-66AD087B69B2}.Debug|ARM.ActiveCfg = Debug|Any CPU
		{9FD1969D-7314-4667-8117-66AD087B69B2}.Debug|ARM.Build.0 = Debug|Any CPU
		{9FD1969D-7314-4667-8117-66AD087B69B2}.Debug|ARM.Deploy.0 = Debug|Any CPU
		{9FD1969D-7314-4667-8117-66AD087B69B2}.Debug|iPhone.ActiveCfg = Debug|Any CPU
		{9FD1969D-7314-4667-8117-66AD087B69B2}.Debug|iPhone.Build.0 = Debug|Any CPU
		{9FD1969D-7314-4667-8117-66AD087B69B2}.Debug|iPhone.Deploy.0 = Debug|Any CPU
		{9FD1969D-7314-4667-8117-66AD087B69B2}.Debug|iPhoneSimulator.ActiveCfg = Debug|Any CPU
		{9FD1969D-7314-4667-8117-66AD087B69B2}.Debug|iPhoneSimulator.Build.0 = Debug|Any CPU
		{9FD1969D-7314-4667-8117-66AD087B69B2}.Debug|iPhoneSimulator.Deploy.0 = Debug|Any CPU
		{9FD1969D-7314-4667-8117-66AD087B69B2}.Debug|x64.ActiveCfg = Debug|Any CPU
		{9FD1969D-7314-4667-8117-66AD087B69B2}.Debug|x64.Build.0 = Debug|Any CPU
		{9FD1969D-7314-4667-8117-66AD087B69B2}.Debug|x64.Deploy.0 = Debug|Any CPU
		{9FD1969D-7314-4667-8117-66AD087B69B2}.Debug|x86.ActiveCfg = Debug|Any CPU
		{9FD1969D-7314-4667-8117-66AD087B69B2}.Debug|x86.Build.0 = Debug|Any CPU
		{9FD1969D-7314-4667-8117-66AD087B69B2}.Debug|x86.Deploy.0 = Debug|Any CPU
		{9FD1969D-7314-4667-8117-66AD087B69B2}.Release|Any CPU.ActiveCfg = Release|Any CPU
		{9FD1969D-7314-4667-8117-66AD087B69B2}.Release|Any CPU.Build.0 = Release|Any CPU
		{9FD1969D-7314-4667-8117-66AD087B69B2}.Release|Any CPU.Deploy.0 = Release|Any CPU
		{9FD1969D-7314-4667-8117-66AD087B69B2}.Release|ARM.ActiveCfg = Release|Any CPU
		{9FD1969D-7314-4667-8117-66AD087B69B2}.Release|ARM.Build.0 = Release|Any CPU
		{9FD1969D-7314-4667-8117-66AD087B69B2}.Release|ARM.Deploy.0 = Release|Any CPU
		{9FD1969D-7314-4667-8117-66AD087B69B2}.Release|iPhone.ActiveCfg = Release|Any CPU
		{9FD1969D-7314-4667-8117-66AD087B69B2}.Release|iPhone.Build.0 = Release|Any CPU
		{9FD1969D-7314-4667-8117-66AD087B69B2}.Release|iPhone.Deploy.0 = Release|Any CPU
		{9FD1969D-7314-4667-8117-66AD087B69B2}.Release|iPhoneSimulator.ActiveCfg = Release|Any CPU
		{9FD1969D-7314-4667-8117-66AD087B69B2}.Release|iPhoneSimulator.Build.0 = Release|Any CPU
		{9FD1969D-7314-4667-8117-66AD087B69B2}.Release|iPhoneSimulator.Deploy.0 = Release|Any CPU
		{9FD1969D-7314-4667-8117-66AD087B69B2}.Release|x64.ActiveCfg = Release|Any CPU
		{9FD1969D-7314-4667-8117-66AD087B69B2}.Release|x64.Build.0 = Release|Any CPU
		{9FD1969D-7314-4667-8117-66AD087B69B2}.Release|x64.Deploy.0 = Release|Any CPU
		{9FD1969D-7314-4667-8117-66AD087B69B2}.Release|x86.ActiveCfg = Release|Any CPU
		{9FD1969D-7314-4667-8117-66AD087B69B2}.Release|x86.Build.0 = Release|Any CPU
		{9FD1969D-7314-4667-8117-66AD087B69B2}.Release|x86.Deploy.0 = Release|Any CPU
	EndGlobalSection
	GlobalSection(SolutionProperties) = preSolution
		HideSolutionNode = FALSE
	EndGlobalSection
	GlobalSection(ExtensibilityGlobals) = postSolution
		SolutionGuid = {DD8F89BF-EE17-4F0B-875B-1EE042768E31}
	EndGlobalSection
EndGlobal
